
Microsoft Visual Studio Solution File, Format Version 12.00
# Visual Studio 15
VisualStudioVersion = 15.0.27703.1
MinimumVisualStudioVersion = 10.0.40219.1
Project("{2150E333-8FDC-42A3-9474-1A3956D46DE8}") = "Microservice", "Microservice", "{BC2B128B-7D5A-4589-BF54-A0C8C17A04D1}"
EndProject
Project("{2150E333-8FDC-42A3-9474-1A3956D46DE8}") = "Recognizer", "Recognizer", "{086E197F-0985-4D10-8537-2AAC2E6317FA}"
EndProject
Project("{2150E333-8FDC-42A3-9474-1A3956D46DE8}") = "ServiceBus", "ServiceBus", "{BFFF6F28-2C7E-458A-8280-0126ECB669A3}"
EndProject
Project("{FAE04EC0-301F-11D3-BF4B-00C04F79EFBC}") = "ECAS.Servicebus.Contracts", "ECAS.Servicebus.Contracts\ECAS.Servicebus.Contracts.csproj", "{EFCF72D8-5C5D-4ED9-BD54-B08B372C5237}"
EndProject
Project("{FAE04EC0-301F-11D3-BF4B-00C04F79EFBC}") = "ECAS.Servicebus.Consumers", "ECAS.Servicebus.Consumers\ECAS.Servicebus.Consumers.csproj", "{D1C4E7F7-51F2-499D-8936-9123EE8AEA66}"
EndProject
Project("{FAE04EC0-301F-11D3-BF4B-00C04F79EFBC}") = "ECAS.Servicebus.Produces", "ECAS.Servicebus.Producers\ECAS.Servicebus.Produces.csproj", "{A7BC5736-5DF6-4E91-9098-8998F550A6F2}"
EndProject
Project("{FAE04EC0-301F-11D3-BF4B-00C04F79EFBC}") = "ECAS.Servicebus.Configurator", "ECAS.Servicebus.Configuration\ECAS.Servicebus.Configurator.csproj", "{491759E7-1AC7-4796-892D-062F0B4F962E}"
EndProject
Project("{FAE04EC0-301F-11D3-BF4B-00C04F79EFBC}") = "CameraAgent", "CameraAgent\CameraAgent.csproj", "{3C7715CB-8B4C-4432-8194-214F0977ECCD}"
EndProject
Project("{2150E333-8FDC-42A3-9474-1A3956D46DE8}") = "Toolkit", "Toolkit", "{738F143E-0BB6-4768-B222-C7803847869D}"
EndProject
Project("{FAE04EC0-301F-11D3-BF4B-00C04F79EFBC}") = "ECAS.Toolkit.Logger", "ECAS.Toolkit.Logger\ECAS.Toolkit.Logger.csproj", "{9993DCEE-B8EB-43CB-9163-853716D9BB27}"
EndProject
Project("{2150E333-8FDC-42A3-9474-1A3956D46DE8}") = "DebugKit", "DebugKit", "{3A5494EE-F6BC-42B6-8713-9BEC74F6C5C0}"
EndProject
Project("{FAE04EC0-301F-11D3-BF4B-00C04F79EFBC}") = "ECAS.DebugKit.Comport", "ECAS.DebugKit.Comport\ECAS.DebugKit.Comport.csproj", "{83D7B105-2160-44C6-A516-D92BA3398CB4}"
EndProject
Project("{FAE04EC0-301F-11D3-BF4B-00C04F79EFBC}") = "ECAS.DebugKit.RabbitMQ", "ECAS.DebugKit.RabbitMQ\ECAS.DebugKit.RabbitMQ.csproj", "{28171189-FCD5-4D94-A616-EB073BCA25B7}"
EndProject
Project("{FAE04EC0-301F-11D3-BF4B-00C04F79EFBC}") = "ECAS.Toolkit.Recognizer", "ECAS.Toolkit.Recognizer\ECAS.Toolkit.Recognizer.csproj", "{A287BB96-EE78-4D7B-98F8-443896D29322}"
EndProject
Project("{FAE04EC0-301F-11D3-BF4B-00C04F79EFBC}") = "ECAS.Toolkit.Camera", "ECAS.Toolkit.Camera\ECAS.Toolkit.Camera.csproj", "{72CB59F5-5F60-40D4-A33C-15C2928B1752}"
EndProject
Project("{FAE04EC0-301F-11D3-BF4B-00C04F79EFBC}") = "ECAS.Toolkit.NFC", "ECAS.Toolkit.NFC\ECAS.Toolkit.NFC.csproj", "{83F5CDA7-2766-4F46-8C2E-EC119B830869}"
EndProject
Project("{FAE04EC0-301F-11D3-BF4B-00C04F79EFBC}") = "ECAS.Toolkit.RabbitMq", "ECAS.Toolkit.RabbitMq\ECAS.Toolkit.RabbitMq.csproj", "{7D1385C5-B6B0-44F7-9511-222A41470561}"
EndProject
Project("{FAE04EC0-301F-11D3-BF4B-00C04F79EFBC}") = "ECAS.Microservice.Recognizer.Agent", "ECAS.Microservice.Recognizer.Agent\ECAS.Microservice.Recognizer.Agent.csproj", "{E9B265D2-F97D-41FC-8110-16B2A0E441A1}"
EndProject
Project("{930C7802-8A8C-48F9-8165-68863BCCD9DD}") = "ECAS.Microservice.Recognizer.Installer", "ECAS.Microservice.Recognizer.Installer\ECAS.Microservice.Recognizer.Installer.wixproj", "{F9805BD3-EAAB-423E-BC78-B310D39F7321}"
EndProject
Project("{2150E333-8FDC-42A3-9474-1A3956D46DE8}") = "QCSA", "QCSA", "{0CE3446C-AB72-42BB-A6C3-FAF149E4E4F1}"
EndProject
Project("{FAE04EC0-301F-11D3-BF4B-00C04F79EFBC}") = "QCSA.DebugKit.CameraBot", "QCSA.DebugKit.CameraBot\QCSA.DebugKit.CameraBot.csproj", "{3D0C36AF-8598-4B87-8EAD-AED045184030}"
EndProject
Project("{FAE04EC0-301F-11D3-BF4B-00C04F79EFBC}") = "ECAS.DebugKit.TelegramBot", "ECAS.DebugKit.TelegramBot\ECAS.DebugKit.TelegramBot.csproj", "{E4400507-452C-4DA4-8597-0ABFD1E7EC16}"
EndProject
Project("{FAE04EC0-301F-11D3-BF4B-00C04F79EFBC}") = "QCSA.Toolkit.Database", "QCSA.Toolkit.Database\QCSA.Toolkit.Database.csproj", "{DA45858B-CDC9-45C2-9967-2DE3B58E6007}"
EndProject
Project("{2150E333-8FDC-42A3-9474-1A3956D46DE8}") = "Layer", "Layer", "{12E25678-E169-4C26-9984-2AEBAA624DB2}"
EndProject
Project("{FAE04EC0-301F-11D3-BF4B-00C04F79EFBC}") = "QCSA.Layer.Presentation", "QCSA.Layer.Presentation\QCSA.Layer.Presentation.csproj", "{037E867C-0C03-4D56-AAC3-C78F82A994AE}"
EndProject
Global
	GlobalSection(SolutionConfigurationPlatforms) = preSolution
		Debug|Any CPU = Debug|Any CPU
		Debug|x64 = Debug|x64
		Debug|x86 = Debug|x86
		Release|Any CPU = Release|Any CPU
		Release|x64 = Release|x64
		Release|x86 = Release|x86
	EndGlobalSection
	GlobalSection(ProjectConfigurationPlatforms) = postSolution
		{EFCF72D8-5C5D-4ED9-BD54-B08B372C5237}.Debug|Any CPU.ActiveCfg = Debug|Any CPU
		{EFCF72D8-5C5D-4ED9-BD54-B08B372C5237}.Debug|Any CPU.Build.0 = Debug|Any CPU
		{EFCF72D8-5C5D-4ED9-BD54-B08B372C5237}.Debug|x64.ActiveCfg = Debug|Any CPU
		{EFCF72D8-5C5D-4ED9-BD54-B08B372C5237}.Debug|x64.Build.0 = Debug|Any CPU
		{EFCF72D8-5C5D-4ED9-BD54-B08B372C5237}.Debug|x86.ActiveCfg = Debug|Any CPU
		{EFCF72D8-5C5D-4ED9-BD54-B08B372C5237}.Debug|x86.Build.0 = Debug|Any CPU
		{EFCF72D8-5C5D-4ED9-BD54-B08B372C5237}.Release|Any CPU.ActiveCfg = Release|Any CPU
		{EFCF72D8-5C5D-4ED9-BD54-B08B372C5237}.Release|Any CPU.Build.0 = Release|Any CPU
		{EFCF72D8-5C5D-4ED9-BD54-B08B372C5237}.Release|x64.ActiveCfg = Release|Any CPU
		{EFCF72D8-5C5D-4ED9-BD54-B08B372C5237}.Release|x64.Build.0 = Release|Any CPU
		{EFCF72D8-5C5D-4ED9-BD54-B08B372C5237}.Release|x86.ActiveCfg = Release|Any CPU
		{EFCF72D8-5C5D-4ED9-BD54-B08B372C5237}.Release|x86.Build.0 = Release|Any CPU
		{D1C4E7F7-51F2-499D-8936-9123EE8AEA66}.Debug|Any CPU.ActiveCfg = Debug|Any CPU
		{D1C4E7F7-51F2-499D-8936-9123EE8AEA66}.Debug|Any CPU.Build.0 = Debug|Any CPU
		{D1C4E7F7-51F2-499D-8936-9123EE8AEA66}.Debug|x64.ActiveCfg = Debug|Any CPU
		{D1C4E7F7-51F2-499D-8936-9123EE8AEA66}.Debug|x64.Build.0 = Debug|Any CPU
		{D1C4E7F7-51F2-499D-8936-9123EE8AEA66}.Debug|x86.ActiveCfg = Debug|Any CPU
		{D1C4E7F7-51F2-499D-8936-9123EE8AEA66}.Debug|x86.Build.0 = Debug|Any CPU
		{D1C4E7F7-51F2-499D-8936-9123EE8AEA66}.Release|Any CPU.ActiveCfg = Release|Any CPU
		{D1C4E7F7-51F2-499D-8936-9123EE8AEA66}.Release|Any CPU.Build.0 = Release|Any CPU
		{D1C4E7F7-51F2-499D-8936-9123EE8AEA66}.Release|x64.ActiveCfg = Release|Any CPU
		{D1C4E7F7-51F2-499D-8936-9123EE8AEA66}.Release|x64.Build.0 = Release|Any CPU
		{D1C4E7F7-51F2-499D-8936-9123EE8AEA66}.Release|x86.ActiveCfg = Release|Any CPU
		{D1C4E7F7-51F2-499D-8936-9123EE8AEA66}.Release|x86.Build.0 = Release|Any CPU
		{A7BC5736-5DF6-4E91-9098-8998F550A6F2}.Debug|Any CPU.ActiveCfg = Debug|Any CPU
		{A7BC5736-5DF6-4E91-9098-8998F550A6F2}.Debug|Any CPU.Build.0 = Debug|Any CPU
		{A7BC5736-5DF6-4E91-9098-8998F550A6F2}.Debug|x64.ActiveCfg = Debug|Any CPU
		{A7BC5736-5DF6-4E91-9098-8998F550A6F2}.Debug|x64.Build.0 = Debug|Any CPU
		{A7BC5736-5DF6-4E91-9098-8998F550A6F2}.Debug|x86.ActiveCfg = Debug|Any CPU
		{A7BC5736-5DF6-4E91-9098-8998F550A6F2}.Debug|x86.Build.0 = Debug|Any CPU
		{A7BC5736-5DF6-4E91-9098-8998F550A6F2}.Release|Any CPU.ActiveCfg = Release|Any CPU
		{A7BC5736-5DF6-4E91-9098-8998F550A6F2}.Release|Any CPU.Build.0 = Release|Any CPU
		{A7BC5736-5DF6-4E91-9098-8998F550A6F2}.Release|x64.ActiveCfg = Release|Any CPU
		{A7BC5736-5DF6-4E91-9098-8998F550A6F2}.Release|x64.Build.0 = Release|Any CPU
		{A7BC5736-5DF6-4E91-9098-8998F550A6F2}.Release|x86.ActiveCfg = Release|Any CPU
		{A7BC5736-5DF6-4E91-9098-8998F550A6F2}.Release|x86.Build.0 = Release|Any CPU
		{491759E7-1AC7-4796-892D-062F0B4F962E}.Debug|Any CPU.ActiveCfg = Debug|Any CPU
		{491759E7-1AC7-4796-892D-062F0B4F962E}.Debug|Any CPU.Build.0 = Debug|Any CPU
		{491759E7-1AC7-4796-892D-062F0B4F962E}.Debug|x64.ActiveCfg = Debug|Any CPU
		{491759E7-1AC7-4796-892D-062F0B4F962E}.Debug|x64.Build.0 = Debug|Any CPU
		{491759E7-1AC7-4796-892D-062F0B4F962E}.Debug|x86.ActiveCfg = Debug|Any CPU
		{491759E7-1AC7-4796-892D-062F0B4F962E}.Debug|x86.Build.0 = Debug|Any CPU
		{491759E7-1AC7-4796-892D-062F0B4F962E}.Release|Any CPU.ActiveCfg = Release|Any CPU
		{491759E7-1AC7-4796-892D-062F0B4F962E}.Release|Any CPU.Build.0 = Release|Any CPU
		{491759E7-1AC7-4796-892D-062F0B4F962E}.Release|x64.ActiveCfg = Release|Any CPU
		{491759E7-1AC7-4796-892D-062F0B4F962E}.Release|x64.Build.0 = Release|Any CPU
		{491759E7-1AC7-4796-892D-062F0B4F962E}.Release|x86.ActiveCfg = Release|Any CPU
		{491759E7-1AC7-4796-892D-062F0B4F962E}.Release|x86.Build.0 = Release|Any CPU
		{3C7715CB-8B4C-4432-8194-214F0977ECCD}.Debug|Any CPU.ActiveCfg = Debug|Any CPU
		{3C7715CB-8B4C-4432-8194-214F0977ECCD}.Debug|Any CPU.Build.0 = Debug|Any CPU
		{3C7715CB-8B4C-4432-8194-214F0977ECCD}.Debug|x64.ActiveCfg = Debug|Any CPU
		{3C7715CB-8B4C-4432-8194-214F0977ECCD}.Debug|x64.Build.0 = Debug|Any CPU
		{3C7715CB-8B4C-4432-8194-214F0977ECCD}.Debug|x86.ActiveCfg = Debug|Any CPU
		{3C7715CB-8B4C-4432-8194-214F0977ECCD}.Debug|x86.Build.0 = Debug|Any CPU
		{3C7715CB-8B4C-4432-8194-214F0977ECCD}.Release|Any CPU.ActiveCfg = Release|Any CPU
		{3C7715CB-8B4C-4432-8194-214F0977ECCD}.Release|Any CPU.Build.0 = Release|Any CPU
		{3C7715CB-8B4C-4432-8194-214F0977ECCD}.Release|x64.ActiveCfg = Release|Any CPU
		{3C7715CB-8B4C-4432-8194-214F0977ECCD}.Release|x64.Build.0 = Release|Any CPU
		{3C7715CB-8B4C-4432-8194-214F0977ECCD}.Release|x86.ActiveCfg = Release|Any CPU
		{3C7715CB-8B4C-4432-8194-214F0977ECCD}.Release|x86.Build.0 = Release|Any CPU
		{9993DCEE-B8EB-43CB-9163-853716D9BB27}.Debug|Any CPU.ActiveCfg = Debug|Any CPU
		{9993DCEE-B8EB-43CB-9163-853716D9BB27}.Debug|Any CPU.Build.0 = Debug|Any CPU
		{9993DCEE-B8EB-43CB-9163-853716D9BB27}.Debug|x64.ActiveCfg = Debug|Any CPU
		{9993DCEE-B8EB-43CB-9163-853716D9BB27}.Debug|x64.Build.0 = Debug|Any CPU
		{9993DCEE-B8EB-43CB-9163-853716D9BB27}.Debug|x86.ActiveCfg = Debug|Any CPU
		{9993DCEE-B8EB-43CB-9163-853716D9BB27}.Debug|x86.Build.0 = Debug|Any CPU
		{9993DCEE-B8EB-43CB-9163-853716D9BB27}.Release|Any CPU.ActiveCfg = Release|Any CPU
		{9993DCEE-B8EB-43CB-9163-853716D9BB27}.Release|Any CPU.Build.0 = Release|Any CPU
		{9993DCEE-B8EB-43CB-9163-853716D9BB27}.Release|x64.ActiveCfg = Release|Any CPU
		{9993DCEE-B8EB-43CB-9163-853716D9BB27}.Release|x64.Build.0 = Release|Any CPU
		{9993DCEE-B8EB-43CB-9163-853716D9BB27}.Release|x86.ActiveCfg = Release|Any CPU
		{9993DCEE-B8EB-43CB-9163-853716D9BB27}.Release|x86.Build.0 = Release|Any CPU
		{83D7B105-2160-44C6-A516-D92BA3398CB4}.Debug|Any CPU.ActiveCfg = Debug|Any CPU
		{83D7B105-2160-44C6-A516-D92BA3398CB4}.Debug|Any CPU.Build.0 = Debug|Any CPU
		{83D7B105-2160-44C6-A516-D92BA3398CB4}.Debug|x64.ActiveCfg = Debug|Any CPU
		{83D7B105-2160-44C6-A516-D92BA3398CB4}.Debug|x64.Build.0 = Debug|Any CPU
		{83D7B105-2160-44C6-A516-D92BA3398CB4}.Debug|x86.ActiveCfg = Debug|Any CPU
		{83D7B105-2160-44C6-A516-D92BA3398CB4}.Debug|x86.Build.0 = Debug|Any CPU
		{83D7B105-2160-44C6-A516-D92BA3398CB4}.Release|Any CPU.ActiveCfg = Release|Any CPU
		{83D7B105-2160-44C6-A516-D92BA3398CB4}.Release|Any CPU.Build.0 = Release|Any CPU
		{83D7B105-2160-44C6-A516-D92BA3398CB4}.Release|x64.ActiveCfg = Release|Any CPU
		{83D7B105-2160-44C6-A516-D92BA3398CB4}.Release|x64.Build.0 = Release|Any CPU
		{83D7B105-2160-44C6-A516-D92BA3398CB4}.Release|x86.ActiveCfg = Release|Any CPU
		{83D7B105-2160-44C6-A516-D92BA3398CB4}.Release|x86.Build.0 = Release|Any CPU
		{28171189-FCD5-4D94-A616-EB073BCA25B7}.Debug|Any CPU.ActiveCfg = Debug|Any CPU
		{28171189-FCD5-4D94-A616-EB073BCA25B7}.Debug|Any CPU.Build.0 = Debug|Any CPU
		{28171189-FCD5-4D94-A616-EB073BCA25B7}.Debug|x64.ActiveCfg = Debug|Any CPU
		{28171189-FCD5-4D94-A616-EB073BCA25B7}.Debug|x64.Build.0 = Debug|Any CPU
		{28171189-FCD5-4D94-A616-EB073BCA25B7}.Debug|x86.ActiveCfg = Debug|Any CPU
		{28171189-FCD5-4D94-A616-EB073BCA25B7}.Debug|x86.Build.0 = Debug|Any CPU
		{28171189-FCD5-4D94-A616-EB073BCA25B7}.Release|Any CPU.ActiveCfg = Release|Any CPU
		{28171189-FCD5-4D94-A616-EB073BCA25B7}.Release|Any CPU.Build.0 = Release|Any CPU
		{28171189-FCD5-4D94-A616-EB073BCA25B7}.Release|x64.ActiveCfg = Release|Any CPU
		{28171189-FCD5-4D94-A616-EB073BCA25B7}.Release|x64.Build.0 = Release|Any CPU
		{28171189-FCD5-4D94-A616-EB073BCA25B7}.Release|x86.ActiveCfg = Release|Any CPU
		{28171189-FCD5-4D94-A616-EB073BCA25B7}.Release|x86.Build.0 = Release|Any CPU
		{A287BB96-EE78-4D7B-98F8-443896D29322}.Debug|Any CPU.ActiveCfg = Debug|Any CPU
		{A287BB96-EE78-4D7B-98F8-443896D29322}.Debug|Any CPU.Build.0 = Debug|Any CPU
		{A287BB96-EE78-4D7B-98F8-443896D29322}.Debug|x64.ActiveCfg = Debug|Any CPU
		{A287BB96-EE78-4D7B-98F8-443896D29322}.Debug|x64.Build.0 = Debug|Any CPU
		{A287BB96-EE78-4D7B-98F8-443896D29322}.Debug|x86.ActiveCfg = Debug|Any CPU
		{A287BB96-EE78-4D7B-98F8-443896D29322}.Debug|x86.Build.0 = Debug|Any CPU
		{A287BB96-EE78-4D7B-98F8-443896D29322}.Release|Any CPU.ActiveCfg = Release|Any CPU
		{A287BB96-EE78-4D7B-98F8-443896D29322}.Release|Any CPU.Build.0 = Release|Any CPU
		{A287BB96-EE78-4D7B-98F8-443896D29322}.Release|x64.ActiveCfg = Release|Any CPU
		{A287BB96-EE78-4D7B-98F8-443896D29322}.Release|x64.Build.0 = Release|Any CPU
		{A287BB96-EE78-4D7B-98F8-443896D29322}.Release|x86.ActiveCfg = Release|Any CPU
		{A287BB96-EE78-4D7B-98F8-443896D29322}.Release|x86.Build.0 = Release|Any CPU
		{72CB59F5-5F60-40D4-A33C-15C2928B1752}.Debug|Any CPU.ActiveCfg = Debug|Any CPU
		{72CB59F5-5F60-40D4-A33C-15C2928B1752}.Debug|Any CPU.Build.0 = Debug|Any CPU
		{72CB59F5-5F60-40D4-A33C-15C2928B1752}.Debug|x64.ActiveCfg = Debug|Any CPU
		{72CB59F5-5F60-40D4-A33C-15C2928B1752}.Debug|x64.Build.0 = Debug|Any CPU
		{72CB59F5-5F60-40D4-A33C-15C2928B1752}.Debug|x86.ActiveCfg = Debug|Any CPU
		{72CB59F5-5F60-40D4-A33C-15C2928B1752}.Debug|x86.Build.0 = Debug|Any CPU
		{72CB59F5-5F60-40D4-A33C-15C2928B1752}.Release|Any CPU.ActiveCfg = Release|Any CPU
		{72CB59F5-5F60-40D4-A33C-15C2928B1752}.Release|Any CPU.Build.0 = Release|Any CPU
		{72CB59F5-5F60-40D4-A33C-15C2928B1752}.Release|x64.ActiveCfg = Release|Any CPU
		{72CB59F5-5F60-40D4-A33C-15C2928B1752}.Release|x64.Build.0 = Release|Any CPU
		{72CB59F5-5F60-40D4-A33C-15C2928B1752}.Release|x86.ActiveCfg = Release|Any CPU
		{72CB59F5-5F60-40D4-A33C-15C2928B1752}.Release|x86.Build.0 = Release|Any CPU
		{83F5CDA7-2766-4F46-8C2E-EC119B830869}.Debug|Any CPU.ActiveCfg = Debug|Any CPU
		{83F5CDA7-2766-4F46-8C2E-EC119B830869}.Debug|Any CPU.Build.0 = Debug|Any CPU
		{83F5CDA7-2766-4F46-8C2E-EC119B830869}.Debug|x64.ActiveCfg = Debug|Any CPU
		{83F5CDA7-2766-4F46-8C2E-EC119B830869}.Debug|x64.Build.0 = Debug|Any CPU
		{83F5CDA7-2766-4F46-8C2E-EC119B830869}.Debug|x86.ActiveCfg = Debug|Any CPU
		{83F5CDA7-2766-4F46-8C2E-EC119B830869}.Debug|x86.Build.0 = Debug|Any CPU
		{83F5CDA7-2766-4F46-8C2E-EC119B830869}.Release|Any CPU.ActiveCfg = Release|Any CPU
		{83F5CDA7-2766-4F46-8C2E-EC119B830869}.Release|Any CPU.Build.0 = Release|Any CPU
		{83F5CDA7-2766-4F46-8C2E-EC119B830869}.Release|x64.ActiveCfg = Release|Any CPU
		{83F5CDA7-2766-4F46-8C2E-EC119B830869}.Release|x64.Build.0 = Release|Any CPU
		{83F5CDA7-2766-4F46-8C2E-EC119B830869}.Release|x86.ActiveCfg = Release|Any CPU
		{83F5CDA7-2766-4F46-8C2E-EC119B830869}.Release|x86.Build.0 = Release|Any CPU
		{7D1385C5-B6B0-44F7-9511-222A41470561}.Debug|Any CPU.ActiveCfg = Debug|Any CPU
		{7D1385C5-B6B0-44F7-9511-222A41470561}.Debug|Any CPU.Build.0 = Debug|Any CPU
		{7D1385C5-B6B0-44F7-9511-222A41470561}.Debug|x64.ActiveCfg = Debug|Any CPU
		{7D1385C5-B6B0-44F7-9511-222A41470561}.Debug|x64.Build.0 = Debug|Any CPU
		{7D1385C5-B6B0-44F7-9511-222A41470561}.Debug|x86.ActiveCfg = Debug|Any CPU
		{7D1385C5-B6B0-44F7-9511-222A41470561}.Debug|x86.Build.0 = Debug|Any CPU
		{7D1385C5-B6B0-44F7-9511-222A41470561}.Release|Any CPU.ActiveCfg = Release|Any CPU
		{7D1385C5-B6B0-44F7-9511-222A41470561}.Release|Any CPU.Build.0 = Release|Any CPU
		{7D1385C5-B6B0-44F7-9511-222A41470561}.Release|x64.ActiveCfg = Release|Any CPU
		{7D1385C5-B6B0-44F7-9511-222A41470561}.Release|x64.Build.0 = Release|Any CPU
		{7D1385C5-B6B0-44F7-9511-222A41470561}.Release|x86.ActiveCfg = Release|Any CPU
		{7D1385C5-B6B0-44F7-9511-222A41470561}.Release|x86.Build.0 = Release|Any CPU
		{E9B265D2-F97D-41FC-8110-16B2A0E441A1}.Debug|Any CPU.ActiveCfg = Debug|Any CPU
		{E9B265D2-F97D-41FC-8110-16B2A0E441A1}.Debug|Any CPU.Build.0 = Debug|Any CPU
		{E9B265D2-F97D-41FC-8110-16B2A0E441A1}.Debug|x64.ActiveCfg = Debug|Any CPU
		{E9B265D2-F97D-41FC-8110-16B2A0E441A1}.Debug|x64.Build.0 = Debug|Any CPU
		{E9B265D2-F97D-41FC-8110-16B2A0E441A1}.Debug|x86.ActiveCfg = Debug|Any CPU
		{E9B265D2-F97D-41FC-8110-16B2A0E441A1}.Debug|x86.Build.0 = Debug|Any CPU
		{E9B265D2-F97D-41FC-8110-16B2A0E441A1}.Release|Any CPU.ActiveCfg = Release|Any CPU
		{E9B265D2-F97D-41FC-8110-16B2A0E441A1}.Release|Any CPU.Build.0 = Release|Any CPU
		{E9B265D2-F97D-41FC-8110-16B2A0E441A1}.Release|x64.ActiveCfg = Release|Any CPU
		{E9B265D2-F97D-41FC-8110-16B2A0E441A1}.Release|x64.Build.0 = Release|Any CPU
		{E9B265D2-F97D-41FC-8110-16B2A0E441A1}.Release|x86.ActiveCfg = Release|Any CPU
		{E9B265D2-F97D-41FC-8110-16B2A0E441A1}.Release|x86.Build.0 = Release|Any CPU
		{F9805BD3-EAAB-423E-BC78-B310D39F7321}.Debug|Any CPU.ActiveCfg = Debug|x86
		{F9805BD3-EAAB-423E-BC78-B310D39F7321}.Debug|x64.ActiveCfg = Debug|x86
		{F9805BD3-EAAB-423E-BC78-B310D39F7321}.Debug|x86.ActiveCfg = Debug|x86
		{F9805BD3-EAAB-423E-BC78-B310D39F7321}.Debug|x86.Build.0 = Debug|x86
		{F9805BD3-EAAB-423E-BC78-B310D39F7321}.Release|Any CPU.ActiveCfg = Release|x86
		{F9805BD3-EAAB-423E-BC78-B310D39F7321}.Release|x64.ActiveCfg = Release|x86
		{F9805BD3-EAAB-423E-BC78-B310D39F7321}.Release|x86.ActiveCfg = Release|x86
		{F9805BD3-EAAB-423E-BC78-B310D39F7321}.Release|x86.Build.0 = Release|x86
		{3D0C36AF-8598-4B87-8EAD-AED045184030}.Debug|Any CPU.ActiveCfg = Debug|Any CPU
		{3D0C36AF-8598-4B87-8EAD-AED045184030}.Debug|Any CPU.Build.0 = Debug|Any CPU
		{3D0C36AF-8598-4B87-8EAD-AED045184030}.Debug|x64.ActiveCfg = Debug|Any CPU
		{3D0C36AF-8598-4B87-8EAD-AED045184030}.Debug|x64.Build.0 = Debug|Any CPU
		{3D0C36AF-8598-4B87-8EAD-AED045184030}.Debug|x86.ActiveCfg = Debug|Any CPU
		{3D0C36AF-8598-4B87-8EAD-AED045184030}.Debug|x86.Build.0 = Debug|Any CPU
		{3D0C36AF-8598-4B87-8EAD-AED045184030}.Release|Any CPU.ActiveCfg = Release|Any CPU
		{3D0C36AF-8598-4B87-8EAD-AED045184030}.Release|Any CPU.Build.0 = Release|Any CPU
		{3D0C36AF-8598-4B87-8EAD-AED045184030}.Release|x64.ActiveCfg = Release|Any CPU
		{3D0C36AF-8598-4B87-8EAD-AED045184030}.Release|x64.Build.0 = Release|Any CPU
		{3D0C36AF-8598-4B87-8EAD-AED045184030}.Release|x86.ActiveCfg = Release|Any CPU
		{3D0C36AF-8598-4B87-8EAD-AED045184030}.Release|x86.Build.0 = Release|Any CPU
		{E4400507-452C-4DA4-8597-0ABFD1E7EC16}.Debug|Any CPU.ActiveCfg = Debug|Any CPU
		{E4400507-452C-4DA4-8597-0ABFD1E7EC16}.Debug|Any CPU.Build.0 = Debug|Any CPU
		{E4400507-452C-4DA4-8597-0ABFD1E7EC16}.Debug|x64.ActiveCfg = Debug|Any CPU
		{E4400507-452C-4DA4-8597-0ABFD1E7EC16}.Debug|x64.Build.0 = Debug|Any CPU
		{E4400507-452C-4DA4-8597-0ABFD1E7EC16}.Debug|x86.ActiveCfg = Debug|Any CPU
		{E4400507-452C-4DA4-8597-0ABFD1E7EC16}.Debug|x86.Build.0 = Debug|Any CPU
		{E4400507-452C-4DA4-8597-0ABFD1E7EC16}.Release|Any CPU.ActiveCfg = Release|Any CPU
		{E4400507-452C-4DA4-8597-0ABFD1E7EC16}.Release|Any CPU.Build.0 = Release|Any CPU
		{E4400507-452C-4DA4-8597-0ABFD1E7EC16}.Release|x64.ActiveCfg = Release|Any CPU
		{E4400507-452C-4DA4-8597-0ABFD1E7EC16}.Release|x64.Build.0 = Release|Any CPU
		{E4400507-452C-4DA4-8597-0ABFD1E7EC16}.Release|x86.ActiveCfg = Release|Any CPU
		{E4400507-452C-4DA4-8597-0ABFD1E7EC16}.Release|x86.Build.0 = Release|Any CPU
		{DA45858B-CDC9-45C2-9967-2DE3B58E6007}.Debug|Any CPU.ActiveCfg = Debug|Any CPU
		{DA45858B-CDC9-45C2-9967-2DE3B58E6007}.Debug|Any CPU.Build.0 = Debug|Any CPU
		{DA45858B-CDC9-45C2-9967-2DE3B58E6007}.Debug|x64.ActiveCfg = Debug|Any CPU
		{DA45858B-CDC9-45C2-9967-2DE3B58E6007}.Debug|x64.Build.0 = Debug|Any CPU
		{DA45858B-CDC9-45C2-9967-2DE3B58E6007}.Debug|x86.ActiveCfg = Debug|Any CPU
		{DA45858B-CDC9-45C2-9967-2DE3B58E6007}.Debug|x86.Build.0 = Debug|Any CPU
		{DA45858B-CDC9-45C2-9967-2DE3B58E6007}.Release|Any CPU.ActiveCfg = Release|Any CPU
		{DA45858B-CDC9-45C2-9967-2DE3B58E6007}.Release|Any CPU.Build.0 = Release|Any CPU
		{DA45858B-CDC9-45C2-9967-2DE3B58E6007}.Release|x64.ActiveCfg = Release|Any CPU
		{DA45858B-CDC9-45C2-9967-2DE3B58E6007}.Release|x64.Build.0 = Release|Any CPU
		{DA45858B-CDC9-45C2-9967-2DE3B58E6007}.Release|x86.ActiveCfg = Release|Any CPU
		{DA45858B-CDC9-45C2-9967-2DE3B58E6007}.Release|x86.Build.0 = Release|Any CPU
		{037E867C-0C03-4D56-AAC3-C78F82A994AE}.Debug|Any CPU.ActiveCfg = Debug|Any CPU
		{037E867C-0C03-4D56-AAC3-C78F82A994AE}.Debug|Any CPU.Build.0 = Debug|Any CPU
		{037E867C-0C03-4D56-AAC3-C78F82A994AE}.Debug|x64.ActiveCfg = Debug|Any CPU
		{037E867C-0C03-4D56-AAC3-C78F82A994AE}.Debug|x64.Build.0 = Debug|Any CPU
		{037E867C-0C03-4D56-AAC3-C78F82A994AE}.Debug|x86.ActiveCfg = Debug|Any CPU
		{037E867C-0C03-4D56-AAC3-C78F82A994AE}.Debug|x86.Build.0 = Debug|Any CPU
		{037E867C-0C03-4D56-AAC3-C78F82A994AE}.Release|Any CPU.ActiveCfg = Release|Any CPU
		{037E867C-0C03-4D56-AAC3-C78F82A994AE}.Release|Any CPU.Build.0 = Release|Any CPU
		{037E867C-0C03-4D56-AAC3-C78F82A994AE}.Release|x64.ActiveCfg = Release|Any CPU
		{037E867C-0C03-4D56-AAC3-C78F82A994AE}.Release|x64.Build.0 = Release|Any CPU
		{037E867C-0C03-4D56-AAC3-C78F82A994AE}.Release|x86.ActiveCfg = Release|Any CPU
		{037E867C-0C03-4D56-AAC3-C78F82A994AE}.Release|x86.Build.0 = Release|Any CPU
	EndGlobalSection
	GlobalSection(SolutionProperties) = preSolution
		HideSolutionNode = FALSE
	EndGlobalSection
	GlobalSection(NestedProjects) = preSolution
		{086E197F-0985-4D10-8537-2AAC2E6317FA} = {BC2B128B-7D5A-4589-BF54-A0C8C17A04D1}
		{EFCF72D8-5C5D-4ED9-BD54-B08B372C5237} = {BFFF6F28-2C7E-458A-8280-0126ECB669A3}
		{D1C4E7F7-51F2-499D-8936-9123EE8AEA66} = {BFFF6F28-2C7E-458A-8280-0126ECB669A3}
		{A7BC5736-5DF6-4E91-9098-8998F550A6F2} = {BFFF6F28-2C7E-458A-8280-0126ECB669A3}
		{491759E7-1AC7-4796-892D-062F0B4F962E} = {BFFF6F28-2C7E-458A-8280-0126ECB669A3}
		{3C7715CB-8B4C-4432-8194-214F0977ECCD} = {738F143E-0BB6-4768-B222-C7803847869D}
		{9993DCEE-B8EB-43CB-9163-853716D9BB27} = {738F143E-0BB6-4768-B222-C7803847869D}
		{83D7B105-2160-44C6-A516-D92BA3398CB4} = {3A5494EE-F6BC-42B6-8713-9BEC74F6C5C0}
		{28171189-FCD5-4D94-A616-EB073BCA25B7} = {3A5494EE-F6BC-42B6-8713-9BEC74F6C5C0}
		{A287BB96-EE78-4D7B-98F8-443896D29322} = {738F143E-0BB6-4768-B222-C7803847869D}
		{72CB59F5-5F60-40D4-A33C-15C2928B1752} = {738F143E-0BB6-4768-B222-C7803847869D}
		{83F5CDA7-2766-4F46-8C2E-EC119B830869} = {738F143E-0BB6-4768-B222-C7803847869D}
		{7D1385C5-B6B0-44F7-9511-222A41470561} = {738F143E-0BB6-4768-B222-C7803847869D}
		{E9B265D2-F97D-41FC-8110-16B2A0E441A1} = {086E197F-0985-4D10-8537-2AAC2E6317FA}
		{F9805BD3-EAAB-423E-BC78-B310D39F7321} = {086E197F-0985-4D10-8537-2AAC2E6317FA}
		{3D0C36AF-8598-4B87-8EAD-AED045184030} = {0CE3446C-AB72-42BB-A6C3-FAF149E4E4F1}
		{E4400507-452C-4DA4-8597-0ABFD1E7EC16} = {3A5494EE-F6BC-42B6-8713-9BEC74F6C5C0}
		{DA45858B-CDC9-45C2-9967-2DE3B58E6007} = {738F143E-0BB6-4768-B222-C7803847869D}
		{12E25678-E169-4C26-9984-2AEBAA624DB2} = {0CE3446C-AB72-42BB-A6C3-FAF149E4E4F1}
		{037E867C-0C03-4D56-AAC3-C78F82A994AE} = {12E25678-E169-4C26-9984-2AEBAA624DB2}
	EndGlobalSection
	GlobalSection(ExtensibilityGlobals) = postSolution
		SolutionGuid = {818D8A51-68DE-488B-A9B4-865319823F24}
	EndGlobalSection
EndGlobal
